
Microsoft Visual Studio Solution File, Format Version 12.00
# Visual Studio Version 17
VisualStudioVersion = 17.13.35806.99
MinimumVisualStudioVersion = 10.0.40219.1
Project("{FAE04EC0-301F-11D3-BF4B-00C04F79EFBC}") = "CorePlanetMusicPlayer6", "CorePlanetMusicPlayer6\CorePlanetMusicPlayer6.csproj", "{B0073D1B-607C-48C0-8078-BAC7C9B56F1B}"
EndProject
Project("{FAE04EC0-301F-11D3-BF4B-00C04F79EFBC}") = "CorePlanetMusicPlayer.Models", "CorePlanetMusicPlayer.Models\CorePlanetMusicPlayer.Models.csproj", "{40C2BA3D-E277-4012-8652-CF7D1B53EDDF}"
EndProject
Project("{FAE04EC0-301F-11D3-BF4B-00C04F79EFBC}") = "CorePlanetMusicPlayer.External", "CorePlanetMusicPlayer.External\CorePlanetMusicPlayer.External.csproj", "{59156B04-A824-4F88-BEB3-0C82F1F1D28E}"
EndProject
Project("{FAE04EC0-301F-11D3-BF4B-00C04F79EFBC}") = "CorePlanetMusicPlayer.PlayCore", "CorePlanetMusicPlayer.PlayCore\CorePlanetMusicPlayer.PlayCore.csproj", "{9ACFAE79-C80F-4668-83FC-9713C58B56C4}"
EndProject
Project("{FAE04EC0-301F-11D3-BF4B-00C04F79EFBC}") = "CorePlanetMusicPlayer.Controls", "CorePlanetMusicPlayer.Controls\CorePlanetMusicPlayer.Controls.csproj", "{6C71421F-747B-4E2C-A510-61BE12C53DAB}"
EndProject
Global
	GlobalSection(SolutionConfigurationPlatforms) = preSolution
		Debug_WithoutTagLib|ARM = Debug_WithoutTagLib|ARM
		Debug_WithoutTagLib|ARM64 = Debug_WithoutTagLib|ARM64
		Debug_WithoutTagLib|x64 = Debug_WithoutTagLib|x64
		Debug_WithoutTagLib|x86 = Debug_WithoutTagLib|x86
		Debug|ARM = Debug|ARM
		Debug|ARM64 = Debug|ARM64
		Debug|x64 = Debug|x64
		Debug|x86 = Debug|x86
		Release|ARM = Release|ARM
		Release|ARM64 = Release|ARM64
		Release|x64 = Release|x64
		Release|x86 = Release|x86
	EndGlobalSection
	GlobalSection(ProjectConfigurationPlatforms) = postSolution
		{B0073D1B-607C-48C0-8078-BAC7C9B56F1B}.Debug_WithoutTagLib|ARM.ActiveCfg = Debug_WithoutTagLib|ARM
		{B0073D1B-607C-48C0-8078-BAC7C9B56F1B}.Debug_WithoutTagLib|ARM.Build.0 = Debug_WithoutTagLib|ARM
		{B0073D1B-607C-48C0-8078-BAC7C9B56F1B}.Debug_WithoutTagLib|ARM.Deploy.0 = Debug_WithoutTagLib|ARM
		{B0073D1B-607C-48C0-8078-BAC7C9B56F1B}.Debug_WithoutTagLib|ARM64.ActiveCfg = Debug_WithoutTagLib|ARM64
		{B0073D1B-607C-48C0-8078-BAC7C9B56F1B}.Debug_WithoutTagLib|ARM64.Build.0 = Debug_WithoutTagLib|ARM64
		{B0073D1B-607C-48C0-8078-BAC7C9B56F1B}.Debug_WithoutTagLib|ARM64.Deploy.0 = Debug_WithoutTagLib|ARM64
		{B0073D1B-607C-48C0-8078-BAC7C9B56F1B}.Debug_WithoutTagLib|x64.ActiveCfg = Debug_WithoutTagLib|x64
		{B0073D1B-607C-48C0-8078-BAC7C9B56F1B}.Debug_WithoutTagLib|x64.Build.0 = Debug_WithoutTagLib|x64
		{B0073D1B-607C-48C0-8078-BAC7C9B56F1B}.Debug_WithoutTagLib|x64.Deploy.0 = Debug_WithoutTagLib|x64
		{B0073D1B-607C-48C0-8078-BAC7C9B56F1B}.Debug_WithoutTagLib|x86.ActiveCfg = Debug_WithoutTagLib|x86
		{B0073D1B-607C-48C0-8078-BAC7C9B56F1B}.Debug_WithoutTagLib|x86.Build.0 = Debug_WithoutTagLib|x86
		{B0073D1B-607C-48C0-8078-BAC7C9B56F1B}.Debug_WithoutTagLib|x86.Deploy.0 = Debug_WithoutTagLib|x86
		{B0073D1B-607C-48C0-8078-BAC7C9B56F1B}.Debug|ARM.ActiveCfg = Debug|ARM
		{B0073D1B-607C-48C0-8078-BAC7C9B56F1B}.Debug|ARM.Build.0 = Debug|ARM
		{B0073D1B-607C-48C0-8078-BAC7C9B56F1B}.Debug|ARM.Deploy.0 = Debug|ARM
		{B0073D1B-607C-48C0-8078-BAC7C9B56F1B}.Debug|ARM64.ActiveCfg = Debug|ARM64
		{B0073D1B-607C-48C0-8078-BAC7C9B56F1B}.Debug|ARM64.Build.0 = Debug|ARM64
		{B0073D1B-607C-48C0-8078-BAC7C9B56F1B}.Debug|ARM64.Deploy.0 = Debug|ARM64
		{B0073D1B-607C-48C0-8078-BAC7C9B56F1B}.Debug|x64.ActiveCfg = Debug|x64
		{B0073D1B-607C-48C0-8078-BAC7C9B56F1B}.Debug|x64.Build.0 = Debug|x64
		{B0073D1B-607C-48C0-8078-BAC7C9B56F1B}.Debug|x64.Deploy.0 = Debug|x64
		{B0073D1B-607C-48C0-8078-BAC7C9B56F1B}.Debug|x86.ActiveCfg = Debug|x86
		{B0073D1B-607C-48C0-8078-BAC7C9B56F1B}.Debug|x86.Build.0 = Debug|x86
		{B0073D1B-607C-48C0-8078-BAC7C9B56F1B}.Debug|x86.Deploy.0 = Debug|x86
		{B0073D1B-607C-48C0-8078-BAC7C9B56F1B}.Release|ARM.ActiveCfg = Release|ARM
		{B0073D1B-607C-48C0-8078-BAC7C9B56F1B}.Release|ARM.Build.0 = Release|ARM
		{B0073D1B-607C-48C0-8078-BAC7C9B56F1B}.Release|ARM.Deploy.0 = Release|ARM
		{B0073D1B-607C-48C0-8078-BAC7C9B56F1B}.Release|ARM64.ActiveCfg = Release|ARM64
		{B0073D1B-607C-48C0-8078-BAC7C9B56F1B}.Release|ARM64.Build.0 = Release|ARM64
		{B0073D1B-607C-48C0-8078-BAC7C9B56F1B}.Release|ARM64.Deploy.0 = Release|ARM64
		{B0073D1B-607C-48C0-8078-BAC7C9B56F1B}.Release|x64.ActiveCfg = Release|x64
		{B0073D1B-607C-48C0-8078-BAC7C9B56F1B}.Release|x64.Build.0 = Release|x64
		{B0073D1B-607C-48C0-8078-BAC7C9B56F1B}.Release|x64.Deploy.0 = Release|x64
		{B0073D1B-607C-48C0-8078-BAC7C9B56F1B}.Release|x86.ActiveCfg = Release|x86
		{B0073D1B-607C-48C0-8078-BAC7C9B56F1B}.Release|x86.Build.0 = Release|x86
		{B0073D1B-607C-48C0-8078-BAC7C9B56F1B}.Release|x86.Deploy.0 = Release|x86
		{40C2BA3D-E277-4012-8652-CF7D1B53EDDF}.Debug_WithoutTagLib|ARM.ActiveCfg = Debug_WithoutTagLib|ARM
		{40C2BA3D-E277-4012-8652-CF7D1B53EDDF}.Debug_WithoutTagLib|ARM.Build.0 = Debug_WithoutTagLib|ARM
		{40C2BA3D-E277-4012-8652-CF7D1B53EDDF}.Debug_WithoutTagLib|ARM64.ActiveCfg = Debug_WithoutTagLib|ARM64
		{40C2BA3D-E277-4012-8652-CF7D1B53EDDF}.Debug_WithoutTagLib|ARM64.Build.0 = Debug_WithoutTagLib|ARM64
		{40C2BA3D-E277-4012-8652-CF7D1B53EDDF}.Debug_WithoutTagLib|x64.ActiveCfg = Debug_WithoutTagLib|x64
		{40C2BA3D-E277-4012-8652-CF7D1B53EDDF}.Debug_WithoutTagLib|x64.Build.0 = Debug_WithoutTagLib|x64
		{40C2BA3D-E277-4012-8652-CF7D1B53EDDF}.Debug_WithoutTagLib|x86.ActiveCfg = Debug_WithoutTagLib|x86
		{40C2BA3D-E277-4012-8652-CF7D1B53EDDF}.Debug_WithoutTagLib|x86.Build.0 = Debug_WithoutTagLib|x86
		{40C2BA3D-E277-4012-8652-CF7D1B53EDDF}.Debug|ARM.ActiveCfg = Debug|ARM
		{40C2BA3D-E277-4012-8652-CF7D1B53EDDF}.Debug|ARM.Build.0 = Debug|ARM
		{40C2BA3D-E277-4012-8652-CF7D1B53EDDF}.Debug|ARM64.ActiveCfg = Debug|ARM64
		{40C2BA3D-E277-4012-8652-CF7D1B53EDDF}.Debug|ARM64.Build.0 = Debug|ARM64
		{40C2BA3D-E277-4012-8652-CF7D1B53EDDF}.Debug|x64.ActiveCfg = Debug|x64
		{40C2BA3D-E277-4012-8652-CF7D1B53EDDF}.Debug|x64.Build.0 = Debug|x64
		{40C2BA3D-E277-4012-8652-CF7D1B53EDDF}.Debug|x86.ActiveCfg = Debug|x86
		{40C2BA3D-E277-4012-8652-CF7D1B53EDDF}.Debug|x86.Build.0 = Debug|x86
		{40C2BA3D-E277-4012-8652-CF7D1B53EDDF}.Release|ARM.ActiveCfg = Release|ARM
		{40C2BA3D-E277-4012-8652-CF7D1B53EDDF}.Release|ARM.Build.0 = Release|ARM
		{40C2BA3D-E277-4012-8652-CF7D1B53EDDF}.Release|ARM64.ActiveCfg = Release|ARM64
		{40C2BA3D-E277-4012-8652-CF7D1B53EDDF}.Release|ARM64.Build.0 = Release|ARM64
		{40C2BA3D-E277-4012-8652-CF7D1B53EDDF}.Release|x64.ActiveCfg = Release|x64
		{40C2BA3D-E277-4012-8652-CF7D1B53EDDF}.Release|x64.Build.0 = Release|x64
		{40C2BA3D-E277-4012-8652-CF7D1B53EDDF}.Release|x86.ActiveCfg = Release|x86
		{40C2BA3D-E277-4012-8652-CF7D1B53EDDF}.Release|x86.Build.0 = Release|x86
		{59156B04-A824-4F88-BEB3-0C82F1F1D28E}.Debug_WithoutTagLib|ARM.ActiveCfg = Debug_WithoutTagLib|ARM
		{59156B04-A824-4F88-BEB3-0C82F1F1D28E}.Debug_WithoutTagLib|ARM.Build.0 = Debug_WithoutTagLib|ARM
		{59156B04-A824-4F88-BEB3-0C82F1F1D28E}.Debug_WithoutTagLib|ARM64.ActiveCfg = Debug_WithoutTagLib|ARM64
		{59156B04-A824-4F88-BEB3-0C82F1F1D28E}.Debug_WithoutTagLib|ARM64.Build.0 = Debug_WithoutTagLib|ARM64
		{59156B04-A824-4F88-BEB3-0C82F1F1D28E}.Debug_WithoutTagLib|x64.ActiveCfg = Debug_WithoutTagLib|x64
		{59156B04-A824-4F88-BEB3-0C82F1F1D28E}.Debug_WithoutTagLib|x64.Build.0 = Debug_WithoutTagLib|x64
		{59156B04-A824-4F88-BEB3-0C82F1F1D28E}.Debug_WithoutTagLib|x86.ActiveCfg = Debug_WithoutTagLib|x86
		{59156B04-A824-4F88-BEB3-0C82F1F1D28E}.Debug_WithoutTagLib|x86.Build.0 = Debug_WithoutTagLib|x86
		{59156B04-A824-4F88-BEB3-0C82F1F1D28E}.Debug|ARM.ActiveCfg = Debug|ARM
		{59156B04-A824-4F88-BEB3-0C82F1F1D28E}.Debug|ARM.Build.0 = Debug|ARM
		{59156B04-A824-4F88-BEB3-0C82F1F1D28E}.Debug|ARM64.ActiveCfg = Debug|ARM64
		{59156B04-A824-4F88-BEB3-0C82F1F1D28E}.Debug|ARM64.Build.0 = Debug|ARM64
		{59156B04-A824-4F88-BEB3-0C82F1F1D28E}.Debug|x64.ActiveCfg = Debug|x64
		{59156B04-A824-4F88-BEB3-0C82F1F1D28E}.Debug|x64.Build.0 = Debug|x64
		{59156B04-A824-4F88-BEB3-0C82F1F1D28E}.Debug|x86.ActiveCfg = Debug|x86
		{59156B04-A824-4F88-BEB3-0C82F1F1D28E}.Debug|x86.Build.0 = Debug|x86
		{59156B04-A824-4F88-BEB3-0C82F1F1D28E}.Release|ARM.ActiveCfg = Release|ARM
		{59156B04-A824-4F88-BEB3-0C82F1F1D28E}.Release|ARM.Build.0 = Release|ARM
		{59156B04-A824-4F88-BEB3-0C82F1F1D28E}.Release|ARM64.ActiveCfg = Release|ARM64
		{59156B04-A824-4F88-BEB3-0C82F1F1D28E}.Release|ARM64.Build.0 = Release|ARM64
		{59156B04-A824-4F88-BEB3-0C82F1F1D28E}.Release|x64.ActiveCfg = Release|x64
		{59156B04-A824-4F88-BEB3-0C82F1F1D28E}.Release|x64.Build.0 = Release|x64
		{59156B04-A824-4F88-BEB3-0C82F1F1D28E}.Release|x86.ActiveCfg = Release|x86
		{59156B04-A824-4F88-BEB3-0C82F1F1D28E}.Release|x86.Build.0 = Release|x86
		{9ACFAE79-C80F-4668-83FC-9713C58B56C4}.Debug_WithoutTagLib|ARM.ActiveCfg = Debug_WithoutTagLib|ARM
		{9ACFAE79-C80F-4668-83FC-9713C58B56C4}.Debug_WithoutTagLib|ARM.Build.0 = Debug_WithoutTagLib|ARM
		{9ACFAE79-C80F-4668-83FC-9713C58B56C4}.Debug_WithoutTagLib|ARM64.ActiveCfg = Debug_WithoutTagLib|ARM64
		{9ACFAE79-C80F-4668-83FC-9713C58B56C4}.Debug_WithoutTagLib|ARM64.Build.0 = Debug_WithoutTagLib|ARM64
		{9ACFAE79-C80F-4668-83FC-9713C58B56C4}.Debug_WithoutTagLib|x64.ActiveCfg = Debug_WithoutTagLib|x64
		{9ACFAE79-C80F-4668-83FC-9713C58B56C4}.Debug_WithoutTagLib|x64.Build.0 = Debug_WithoutTagLib|x64
		{9ACFAE79-C80F-4668-83FC-9713C58B56C4}.Debug_WithoutTagLib|x86.ActiveCfg = Debug_WithoutTagLib|x86
		{9ACFAE79-C80F-4668-83FC-9713C58B56C4}.Debug_WithoutTagLib|x86.Build.0 = Debug_WithoutTagLib|x86
		{9ACFAE79-C80F-4668-83FC-9713C58B56C4}.Debug|ARM.ActiveCfg = Debug|ARM
		{9ACFAE79-C80F-4668-83FC-9713C58B56C4}.Debug|ARM.Build.0 = Debug|ARM
		{9ACFAE79-C80F-4668-83FC-9713C58B56C4}.Debug|ARM64.ActiveCfg = Debug|ARM64
		{9ACFAE79-C80F-4668-83FC-9713C58B56C4}.Debug|ARM64.Build.0 = Debug|ARM64
		{9ACFAE79-C80F-4668-83FC-9713C58B56C4}.Debug|x64.ActiveCfg = Debug|x64
		{9ACFAE79-C80F-4668-83FC-9713C58B56C4}.Debug|x64.Build.0 = Debug|x64
		{9ACFAE79-C80F-4668-83FC-9713C58B56C4}.Debug|x86.ActiveCfg = Debug|x86
		{9ACFAE79-C80F-4668-83FC-9713C58B56C4}.Debug|x86.Build.0 = Debug|x86
		{9ACFAE79-C80F-4668-83FC-9713C58B56C4}.Release|ARM.ActiveCfg = Release|ARM
		{9ACFAE79-C80F-4668-83FC-9713C58B56C4}.Release|ARM.Build.0 = Release|ARM
		{9ACFAE79-C80F-4668-83FC-9713C58B56C4}.Release|ARM64.ActiveCfg = Release|ARM64
		{9ACFAE79-C80F-4668-83FC-9713C58B56C4}.Release|ARM64.Build.0 = Release|ARM64
		{9ACFAE79-C80F-4668-83FC-9713C58B56C4}.Release|x64.ActiveCfg = Release|x64
		{9ACFAE79-C80F-4668-83FC-9713C58B56C4}.Release|x64.Build.0 = Release|x64
		{9ACFAE79-C80F-4668-83FC-9713C58B56C4}.Release|x86.ActiveCfg = Release|x86
		{9ACFAE79-C80F-4668-83FC-9713C58B56C4}.Release|x86.Build.0 = Release|x86
		{6C71421F-747B-4E2C-A510-61BE12C53DAB}.Debug_WithoutTagLib|ARM.ActiveCfg = Debug_WithoutTagLib|ARM
		{6C71421F-747B-4E2C-A510-61BE12C53DAB}.Debug_WithoutTagLib|ARM.Build.0 = Debug_WithoutTagLib|ARM
		{6C71421F-747B-4E2C-A510-61BE12C53DAB}.Debug_WithoutTagLib|ARM64.ActiveCfg = Debug_WithoutTagLib|ARM64
		{6C71421F-747B-4E2C-A510-61BE12C53DAB}.Debug_WithoutTagLib|ARM64.Build.0 = Debug_WithoutTagLib|ARM64
		{6C71421F-747B-4E2C-A510-61BE12C53DAB}.Debug_WithoutTagLib|x64.ActiveCfg = Debug_WithoutTagLib|x64
		{6C71421F-747B-4E2C-A510-61BE12C53DAB}.Debug_WithoutTagLib|x64.Build.0 = Debug_WithoutTagLib|x64
		{6C71421F-747B-4E2C-A510-61BE12C53DAB}.Debug_WithoutTagLib|x86.ActiveCfg = Debug_WithoutTagLib|x86
		{6C71421F-747B-4E2C-A510-61BE12C53DAB}.Debug_WithoutTagLib|x86.Build.0 = Debug_WithoutTagLib|x86
		{6C71421F-747B-4E2C-A510-61BE12C53DAB}.Debug|ARM.ActiveCfg = Debug|ARM
		{6C71421F-747B-4E2C-A510-61BE12C53DAB}.Debug|ARM.Build.0 = Debug|ARM
		{6C71421F-747B-4E2C-A510-61BE12C53DAB}.Debug|ARM64.ActiveCfg = Debug|ARM64
		{6C71421F-747B-4E2C-A510-61BE12C53DAB}.Debug|ARM64.Build.0 = Debug|ARM64
		{6C71421F-747B-4E2C-A510-61BE12C53DAB}.Debug|x64.ActiveCfg = Debug|x64
		{6C71421F-747B-4E2C-A510-61BE12C53DAB}.Debug|x64.Build.0 = Debug|x64
		{6C71421F-747B-4E2C-A510-61BE12C53DAB}.Debug|x86.ActiveCfg = Debug|x86
		{6C71421F-747B-4E2C-A510-61BE12C53DAB}.Debug|x86.Build.0 = Debug|x86
		{6C71421F-747B-4E2C-A510-61BE12C53DAB}.Release|ARM.ActiveCfg = Release|ARM
		{6C71421F-747B-4E2C-A510-61BE12C53DAB}.Release|ARM.Build.0 = Release|ARM
		{6C71421F-747B-4E2C-A510-61BE12C53DAB}.Release|ARM64.ActiveCfg = Release|ARM64
		{6C71421F-747B-4E2C-A510-61BE12C53DAB}.Release|ARM64.Build.0 = Release|ARM64
		{6C71421F-747B-4E2C-A510-61BE12C53DAB}.Release|x64.ActiveCfg = Release|x64
		{6C71421F-747B-4E2C-A510-61BE12C53DAB}.Release|x64.Build.0 = Release|x64
		{6C71421F-747B-4E2C-A510-61BE12C53DAB}.Release|x86.ActiveCfg = Release|x86
		{6C71421F-747B-4E2C-A510-61BE12C53DAB}.Release|x86.Build.0 = Release|x86
	EndGlobalSection
	GlobalSection(SolutionProperties) = preSolution
		HideSolutionNode = FALSE
	EndGlobalSection
	GlobalSection(ExtensibilityGlobals) = postSolution
		SolutionGuid = {34A87E6F-71C6-45D9-8DB8-07AB60CE2A20}
	EndGlobalSection
EndGlobal
