
Microsoft Visual Studio Solution File, Format Version 12.00
# Visual Studio Version 18
VisualStudioVersion = 18.9.12120.119 stable
MinimumVisualStudioVersion = 10.0.40219.1
Project("{FAE04EC0-301F-11D3-BF4B-00C04F79EFBC}") = "CorePlanetMusicPlayer.Core", "CorePlanetMusicPlayer.Core\CorePlanetMusicPlayer.Core.csproj", "{18A0C646-1BCD-4077-B569-CC05E6B0ECEE}"
EndProject
Project("{FAE04EC0-301F-11D3-BF4B-00C04F79EFBC}") = "CorePlanetMusicPlayer.Services", "CorePlanetMusicPlayer.Services\CorePlanetMusicPlayer.Services.csproj", "{0C7203A6-51A0-4818-90D1-98A3BDD1C544}"
EndProject
Project("{FAE04EC0-301F-11D3-BF4B-00C04F79EFBC}") = "CorePlanetMusicPlayer.Data", "CorePlanetMusicPlayer.Data\CorePlanetMusicPlayer.Data.csproj", "{997CB1BA-ECB3-438E-8486-19394FAFD750}"
EndProject
Project("{FAE04EC0-301F-11D3-BF4B-00C04F79EFBC}") = "CorePlanetMusicPlayer.Playback", "CorePlanetMusicPlayer.Playback\CorePlanetMusicPlayer.Playback.csproj", "{F789085E-0507-4C76-B86B-CB52C5C73D11}"
EndProject
Project("{FAE04EC0-301F-11D3-BF4B-00C04F79EFBC}") = "CorePlanetMusicPlayer.Uwp", "CorePlanetMusicPlayer.Uwp\CorePlanetMusicPlayer.Uwp.csproj", "{F35072A3-C58A-4326-AEFC-7104CEF768E3}"
EndProject
Project("{FAE04EC0-301F-11D3-BF4B-00C04F79EFBC}") = "CorePlanetMusicPlayer6", "CorePlanetMusicPlayer6\CorePlanetMusicPlayer6.csproj", "{F7019750-7961-42A3-87E9-49D7E96CFB12}"
EndProject
Global
	GlobalSection(SolutionConfigurationPlatforms) = preSolution
		Debug_WithoutTagLib|ARM = Debug_WithoutTagLib|ARM
		Debug_WithoutTagLib|ARM64 = Debug_WithoutTagLib|ARM64
		Debug_WithoutTagLib|x64 = Debug_WithoutTagLib|x64
		Debug_WithoutTagLib|x86 = Debug_WithoutTagLib|x86
		Debug|ARM = Debug|ARM
		Debug|ARM64 = Debug|ARM64
		Debug|x64 = Debug|x64
		Debug|x86 = Debug|x86
		Release|ARM = Release|ARM
		Release|ARM64 = Release|ARM64
		Release|x64 = Release|x64
		Release|x86 = Release|x86
	EndGlobalSection
	GlobalSection(ProjectConfigurationPlatforms) = postSolution
		{18A0C646-1BCD-4077-B569-CC05E6B0ECEE}.Debug_WithoutTagLib|ARM.ActiveCfg = Debug|ARM
		{18A0C646-1BCD-4077-B569-CC05E6B0ECEE}.Debug_WithoutTagLib|ARM.Build.0 = Debug|ARM
		{18A0C646-1BCD-4077-B569-CC05E6B0ECEE}.Debug_WithoutTagLib|ARM64.ActiveCfg = Debug|ARM64
		{18A0C646-1BCD-4077-B569-CC05E6B0ECEE}.Debug_WithoutTagLib|ARM64.Build.0 = Debug|ARM64
		{18A0C646-1BCD-4077-B569-CC05E6B0ECEE}.Debug_WithoutTagLib|x64.ActiveCfg = Debug|x64
		{18A0C646-1BCD-4077-B569-CC05E6B0ECEE}.Debug_WithoutTagLib|x64.Build.0 = Debug|x64
		{18A0C646-1BCD-4077-B569-CC05E6B0ECEE}.Debug_WithoutTagLib|x86.ActiveCfg = Debug|x86
		{18A0C646-1BCD-4077-B569-CC05E6B0ECEE}.Debug_WithoutTagLib|x86.Build.0 = Debug|x86
		{18A0C646-1BCD-4077-B569-CC05E6B0ECEE}.Debug|ARM.ActiveCfg = Debug|ARM
		{18A0C646-1BCD-4077-B569-CC05E6B0ECEE}.Debug|ARM.Build.0 = Debug|ARM
		{18A0C646-1BCD-4077-B569-CC05E6B0ECEE}.Debug|ARM64.ActiveCfg = Debug|ARM64
		{18A0C646-1BCD-4077-B569-CC05E6B0ECEE}.Debug|ARM64.Build.0 = Debug|ARM64
		{18A0C646-1BCD-4077-B569-CC05E6B0ECEE}.Debug|x64.ActiveCfg = Debug|x64
		{18A0C646-1BCD-4077-B569-CC05E6B0ECEE}.Debug|x64.Build.0 = Debug|x64
		{18A0C646-1BCD-4077-B569-CC05E6B0ECEE}.Debug|x86.ActiveCfg = Debug|x86
		{18A0C646-1BCD-4077-B569-CC05E6B0ECEE}.Debug|x86.Build.0 = Debug|x86
		{18A0C646-1BCD-4077-B569-CC05E6B0ECEE}.Release|ARM.ActiveCfg = Release|ARM
		{18A0C646-1BCD-4077-B569-CC05E6B0ECEE}.Release|ARM.Build.0 = Release|ARM
		{18A0C646-1BCD-4077-B569-CC05E6B0ECEE}.Release|ARM64.ActiveCfg = Release|ARM64
		{18A0C646-1BCD-4077-B569-CC05E6B0ECEE}.Release|ARM64.Build.0 = Release|ARM64
		{18A0C646-1BCD-4077-B569-CC05E6B0ECEE}.Release|x64.ActiveCfg = Release|x64
		{18A0C646-1BCD-4077-B569-CC05E6B0ECEE}.Release|x64.Build.0 = Release|x64
		{18A0C646-1BCD-4077-B569-CC05E6B0ECEE}.Release|x86.ActiveCfg = Release|x86
		{18A0C646-1BCD-4077-B569-CC05E6B0ECEE}.Release|x86.Build.0 = Release|x86
		{0C7203A6-51A0-4818-90D1-98A3BDD1C544}.Debug_WithoutTagLib|ARM.ActiveCfg = Debug|ARM
		{0C7203A6-51A0-4818-90D1-98A3BDD1C544}.Debug_WithoutTagLib|ARM.Build.0 = Debug|ARM
		{0C7203A6-51A0-4818-90D1-98A3BDD1C544}.Debug_WithoutTagLib|ARM64.ActiveCfg = Debug|ARM64
		{0C7203A6-51A0-4818-90D1-98A3BDD1C544}.Debug_WithoutTagLib|ARM64.Build.0 = Debug|ARM64
		{0C7203A6-51A0-4818-90D1-98A3BDD1C544}.Debug_WithoutTagLib|x64.ActiveCfg = Debug|x64
		{0C7203A6-51A0-4818-90D1-98A3BDD1C544}.Debug_WithoutTagLib|x64.Build.0 = Debug|x64
		{0C7203A6-51A0-4818-90D1-98A3BDD1C544}.Debug_WithoutTagLib|x86.ActiveCfg = Debug|x86
		{0C7203A6-51A0-4818-90D1-98A3BDD1C544}.Debug_WithoutTagLib|x86.Build.0 = Debug|x86
		{0C7203A6-51A0-4818-90D1-98A3BDD1C544}.Debug|ARM.ActiveCfg = Debug|ARM
		{0C7203A6-51A0-4818-90D1-98A3BDD1C544}.Debug|ARM.Build.0 = Debug|ARM
		{0C7203A6-51A0-4818-90D1-98A3BDD1C544}.Debug|ARM64.ActiveCfg = Debug|ARM64
		{0C7203A6-51A0-4818-90D1-98A3BDD1C544}.Debug|ARM64.Build.0 = Debug|ARM64
		{0C7203A6-51A0-4818-90D1-98A3BDD1C544}.Debug|x64.ActiveCfg = Debug|x64
		{0C7203A6-51A0-4818-90D1-98A3BDD1C544}.Debug|x64.Build.0 = Debug|x64
		{0C7203A6-51A0-4818-90D1-98A3BDD1C544}.Debug|x86.ActiveCfg = Debug|x86
		{0C7203A6-51A0-4818-90D1-98A3BDD1C544}.Debug|x86.Build.0 = Debug|x86
		{0C7203A6-51A0-4818-90D1-98A3BDD1C544}.Release|ARM.ActiveCfg = Release|ARM
		{0C7203A6-51A0-4818-90D1-98A3BDD1C544}.Release|ARM.Build.0 = Release|ARM
		{0C7203A6-51A0-4818-90D1-98A3BDD1C544}.Release|ARM64.ActiveCfg = Release|ARM64
		{0C7203A6-51A0-4818-90D1-98A3BDD1C544}.Release|ARM64.Build.0 = Release|ARM64
		{0C7203A6-51A0-4818-90D1-98A3BDD1C544}.Release|x64.ActiveCfg = Release|x64
		{0C7203A6-51A0-4818-90D1-98A3BDD1C544}.Release|x64.Build.0 = Release|x64
		{0C7203A6-51A0-4818-90D1-98A3BDD1C544}.Release|x86.ActiveCfg = Release|x86
		{0C7203A6-51A0-4818-90D1-98A3BDD1C544}.Release|x86.Build.0 = Release|x86
		{997CB1BA-ECB3-438E-8486-19394FAFD750}.Debug_WithoutTagLib|ARM.ActiveCfg = Debug|ARM
		{997CB1BA-ECB3-438E-8486-19394FAFD750}.Debug_WithoutTagLib|ARM.Build.0 = Debug|ARM
		{997CB1BA-ECB3-438E-8486-19394FAFD750}.Debug_WithoutTagLib|ARM64.ActiveCfg = Debug|ARM64
		{997CB1BA-ECB3-438E-8486-19394FAFD750}.Debug_WithoutTagLib|ARM64.Build.0 = Debug|ARM64
		{997CB1BA-ECB3-438E-8486-19394FAFD750}.Debug_WithoutTagLib|x64.ActiveCfg = Debug|x64
		{997CB1BA-ECB3-438E-8486-19394FAFD750}.Debug_WithoutTagLib|x64.Build.0 = Debug|x64
		{997CB1BA-ECB3-438E-8486-19394FAFD750}.Debug_WithoutTagLib|x86.ActiveCfg = Debug|x86
		{997CB1BA-ECB3-438E-8486-19394FAFD750}.Debug_WithoutTagLib|x86.Build.0 = Debug|x86
		{997CB1BA-ECB3-438E-8486-19394FAFD750}.Debug|ARM.ActiveCfg = Debug|ARM
		{997CB1BA-ECB3-438E-8486-19394FAFD750}.Debug|ARM.Build.0 = Debug|ARM
		{997CB1BA-ECB3-438E-8486-19394FAFD750}.Debug|ARM64.ActiveCfg = Debug|ARM64
		{997CB1BA-ECB3-438E-8486-19394FAFD750}.Debug|ARM64.Build.0 = Debug|ARM64
		{997CB1BA-ECB3-438E-8486-19394FAFD750}.Debug|x64.ActiveCfg = Debug|x64
		{997CB1BA-ECB3-438E-8486-19394FAFD750}.Debug|x64.Build.0 = Debug|x64
		{997CB1BA-ECB3-438E-8486-19394FAFD750}.Debug|x86.ActiveCfg = Debug|x86
		{997CB1BA-ECB3-438E-8486-19394FAFD750}.Debug|x86.Build.0 = Debug|x86
		{997CB1BA-ECB3-438E-8486-19394FAFD750}.Release|ARM.ActiveCfg = Release|ARM
		{997CB1BA-ECB3-438E-8486-19394FAFD750}.Release|ARM.Build.0 = Release|ARM
		{997CB1BA-ECB3-438E-8486-19394FAFD750}.Release|ARM64.ActiveCfg = Release|ARM64
		{997CB1BA-ECB3-438E-8486-19394FAFD750}.Release|ARM64.Build.0 = Release|ARM64
		{997CB1BA-ECB3-438E-8486-19394FAFD750}.Release|x64.ActiveCfg = Release|x64
		{997CB1BA-ECB3-438E-8486-19394FAFD750}.Release|x64.Build.0 = Release|x64
		{997CB1BA-ECB3-438E-8486-19394FAFD750}.Release|x86.ActiveCfg = Release|x86
		{997CB1BA-ECB3-438E-8486-19394FAFD750}.Release|x86.Build.0 = Release|x86
		{F789085E-0507-4C76-B86B-CB52C5C73D11}.Debug_WithoutTagLib|ARM.ActiveCfg = Debug|ARM
		{F789085E-0507-4C76-B86B-CB52C5C73D11}.Debug_WithoutTagLib|ARM.Build.0 = Debug|ARM
		{F789085E-0507-4C76-B86B-CB52C5C73D11}.Debug_WithoutTagLib|ARM64.ActiveCfg = Debug|ARM64
		{F789085E-0507-4C76-B86B-CB52C5C73D11}.Debug_WithoutTagLib|ARM64.Build.0 = Debug|ARM64
		{F789085E-0507-4C76-B86B-CB52C5C73D11}.Debug_WithoutTagLib|x64.ActiveCfg = Debug|x64
		{F789085E-0507-4C76-B86B-CB52C5C73D11}.Debug_WithoutTagLib|x64.Build.0 = Debug|x64
		{F789085E-0507-4C76-B86B-CB52C5C73D11}.Debug_WithoutTagLib|x86.ActiveCfg = Debug|x86
		{F789085E-0507-4C76-B86B-CB52C5C73D11}.Debug_WithoutTagLib|x86.Build.0 = Debug|x86
		{F789085E-0507-4C76-B86B-CB52C5C73D11}.Debug|ARM.ActiveCfg = Debug|ARM
		{F789085E-0507-4C76-B86B-CB52C5C73D11}.Debug|ARM.Build.0 = Debug|ARM
		{F789085E-0507-4C76-B86B-CB52C5C73D11}.Debug|ARM64.ActiveCfg = Debug|ARM64
		{F789085E-0507-4C76-B86B-CB52C5C73D11}.Debug|ARM64.Build.0 = Debug|ARM64
		{F789085E-0507-4C76-B86B-CB52C5C73D11}.Debug|x64.ActiveCfg = Debug|x64
		{F789085E-0507-4C76-B86B-CB52C5C73D11}.Debug|x64.Build.0 = Debug|x64
		{F789085E-0507-4C76-B86B-CB52C5C73D11}.Debug|x86.ActiveCfg = Debug|x86
		{F789085E-0507-4C76-B86B-CB52C5C73D11}.Debug|x86.Build.0 = Debug|x86
		{F789085E-0507-4C76-B86B-CB52C5C73D11}.Release|ARM.ActiveCfg = Release|ARM
		{F789085E-0507-4C76-B86B-CB52C5C73D11}.Release|ARM.Build.0 = Release|ARM
		{F789085E-0507-4C76-B86B-CB52C5C73D11}.Release|ARM64.ActiveCfg = Release|ARM64
		{F789085E-0507-4C76-B86B-CB52C5C73D11}.Release|ARM64.Build.0 = Release|ARM64
		{F789085E-0507-4C76-B86B-CB52C5C73D11}.Release|x64.ActiveCfg = Release|x64
		{F789085E-0507-4C76-B86B-CB52C5C73D11}.Release|x64.Build.0 = Release|x64
		{F789085E-0507-4C76-B86B-CB52C5C73D11}.Release|x86.ActiveCfg = Release|x86
		{F789085E-0507-4C76-B86B-CB52C5C73D11}.Release|x86.Build.0 = Release|x86
		{F35072A3-C58A-4326-AEFC-7104CEF768E3}.Debug_WithoutTagLib|ARM.ActiveCfg = Debug|ARM
		{F35072A3-C58A-4326-AEFC-7104CEF768E3}.Debug_WithoutTagLib|ARM.Build.0 = Debug|ARM
		{F35072A3-C58A-4326-AEFC-7104CEF768E3}.Debug_WithoutTagLib|ARM64.ActiveCfg = Debug|ARM64
		{F35072A3-C58A-4326-AEFC-7104CEF768E3}.Debug_WithoutTagLib|ARM64.Build.0 = Debug|ARM64
		{F35072A3-C58A-4326-AEFC-7104CEF768E3}.Debug_WithoutTagLib|x64.ActiveCfg = Debug|x64
		{F35072A3-C58A-4326-AEFC-7104CEF768E3}.Debug_WithoutTagLib|x64.Build.0 = Debug|x64
		{F35072A3-C58A-4326-AEFC-7104CEF768E3}.Debug_WithoutTagLib|x86.ActiveCfg = Debug|x86
		{F35072A3-C58A-4326-AEFC-7104CEF768E3}.Debug_WithoutTagLib|x86.Build.0 = Debug|x86
		{F35072A3-C58A-4326-AEFC-7104CEF768E3}.Debug|ARM.ActiveCfg = Debug|ARM
		{F35072A3-C58A-4326-AEFC-7104CEF768E3}.Debug|ARM.Build.0 = Debug|ARM
		{F35072A3-C58A-4326-AEFC-7104CEF768E3}.Debug|ARM64.ActiveCfg = Debug|ARM64
		{F35072A3-C58A-4326-AEFC-7104CEF768E3}.Debug|ARM64.Build.0 = Debug|ARM64
		{F35072A3-C58A-4326-AEFC-7104CEF768E3}.Debug|x64.ActiveCfg = Debug|x64
		{F35072A3-C58A-4326-AEFC-7104CEF768E3}.Debug|x64.Build.0 = Debug|x64
		{F35072A3-C58A-4326-AEFC-7104CEF768E3}.Debug|x86.ActiveCfg = Debug|x86
		{F35072A3-C58A-4326-AEFC-7104CEF768E3}.Debug|x86.Build.0 = Debug|x86
		{F35072A3-C58A-4326-AEFC-7104CEF768E3}.Release|ARM.ActiveCfg = Release|ARM
		{F35072A3-C58A-4326-AEFC-7104CEF768E3}.Release|ARM.Build.0 = Release|ARM
		{F35072A3-C58A-4326-AEFC-7104CEF768E3}.Release|ARM64.ActiveCfg = Release|ARM64
		{F35072A3-C58A-4326-AEFC-7104CEF768E3}.Release|ARM64.Build.0 = Release|ARM64
		{F35072A3-C58A-4326-AEFC-7104CEF768E3}.Release|x64.ActiveCfg = Release|x64
		{F35072A3-C58A-4326-AEFC-7104CEF768E3}.Release|x64.Build.0 = Release|x64
		{F35072A3-C58A-4326-AEFC-7104CEF768E3}.Release|x86.ActiveCfg = Release|x86
		{F35072A3-C58A-4326-AEFC-7104CEF768E3}.Release|x86.Build.0 = Release|x86
		{F7019750-7961-42A3-87E9-49D7E96CFB12}.Debug_WithoutTagLib|ARM.ActiveCfg = Debug|ARM
		{F7019750-7961-42A3-87E9-49D7E96CFB12}.Debug_WithoutTagLib|ARM.Build.0 = Debug|ARM
		{F7019750-7961-42A3-87E9-49D7E96CFB12}.Debug_WithoutTagLib|ARM.Deploy.0 = Debug|ARM
		{F7019750-7961-42A3-87E9-49D7E96CFB12}.Debug_WithoutTagLib|ARM64.ActiveCfg = Debug|ARM64
		{F7019750-7961-42A3-87E9-49D7E96CFB12}.Debug_WithoutTagLib|ARM64.Build.0 = Debug|ARM64
		{F7019750-7961-42A3-87E9-49D7E96CFB12}.Debug_WithoutTagLib|ARM64.Deploy.0 = Debug|ARM64
		{F7019750-7961-42A3-87E9-49D7E96CFB12}.Debug_WithoutTagLib|x64.ActiveCfg = Debug|x64
		{F7019750-7961-42A3-87E9-49D7E96CFB12}.Debug_WithoutTagLib|x64.Build.0 = Debug|x64
		{F7019750-7961-42A3-87E9-49D7E96CFB12}.Debug_WithoutTagLib|x64.Deploy.0 = Debug|x64
		{F7019750-7961-42A3-87E9-49D7E96CFB12}.Debug_WithoutTagLib|x86.ActiveCfg = Debug|x86
		{F7019750-7961-42A3-87E9-49D7E96CFB12}.Debug_WithoutTagLib|x86.Build.0 = Debug|x86
		{F7019750-7961-42A3-87E9-49D7E96CFB12}.Debug_WithoutTagLib|x86.Deploy.0 = Debug|x86
		{F7019750-7961-42A3-87E9-49D7E96CFB12}.Debug|ARM.ActiveCfg = Debug|ARM
		{F7019750-7961-42A3-87E9-49D7E96CFB12}.Debug|ARM.Build.0 = Debug|ARM
		{F7019750-7961-42A3-87E9-49D7E96CFB12}.Debug|ARM.Deploy.0 = Debug|ARM
		{F7019750-7961-42A3-87E9-49D7E96CFB12}.Debug|ARM64.ActiveCfg = Debug|ARM64
		{F7019750-7961-42A3-87E9-49D7E96CFB12}.Debug|ARM64.Build.0 = Debug|ARM64
		{F7019750-7961-42A3-87E9-49D7E96CFB12}.Debug|ARM64.Deploy.0 = Debug|ARM64
		{F7019750-7961-42A3-87E9-49D7E96CFB12}.Debug|x64.ActiveCfg = Debug|x64
		{F7019750-7961-42A3-87E9-49D7E96CFB12}.Debug|x64.Build.0 = Debug|x64
		{F7019750-7961-42A3-87E9-49D7E96CFB12}.Debug|x64.Deploy.0 = Debug|x64
		{F7019750-7961-42A3-87E9-49D7E96CFB12}.Debug|x86.ActiveCfg = Debug|x86
		{F7019750-7961-42A3-87E9-49D7E96CFB12}.Debug|x86.Build.0 = Debug|x86
		{F7019750-7961-42A3-87E9-49D7E96CFB12}.Debug|x86.Deploy.0 = Debug|x86
		{F7019750-7961-42A3-87E9-49D7E96CFB12}.Release|ARM.ActiveCfg = Release|ARM
		{F7019750-7961-42A3-87E9-49D7E96CFB12}.Release|ARM.Build.0 = Release|ARM
		{F7019750-7961-42A3-87E9-49D7E96CFB12}.Release|ARM.Deploy.0 = Release|ARM
		{F7019750-7961-42A3-87E9-49D7E96CFB12}.Release|ARM64.ActiveCfg = Release|ARM64
		{F7019750-7961-42A3-87E9-49D7E96CFB12}.Release|ARM64.Build.0 = Release|ARM64
		{F7019750-7961-42A3-87E9-49D7E96CFB12}.Release|ARM64.Deploy.0 = Release|ARM64
		{F7019750-7961-42A3-87E9-49D7E96CFB12}.Release|x64.ActiveCfg = Release|x64
		{F7019750-7961-42A3-87E9-49D7E96CFB12}.Release|x64.Build.0 = Release|x64
		{F7019750-7961-42A3-87E9-49D7E96CFB12}.Release|x64.Deploy.0 = Release|x64
		{F7019750-7961-42A3-87E9-49D7E96CFB12}.Release|x86.ActiveCfg = Release|x86
		{F7019750-7961-42A3-87E9-49D7E96CFB12}.Release|x86.Build.0 = Release|x86
		{F7019750-7961-42A3-87E9-49D7E96CFB12}.Release|x86.Deploy.0 = Release|x86
	EndGlobalSection
	GlobalSection(SolutionProperties) = preSolution
		HideSolutionNode = FALSE
	EndGlobalSection
	GlobalSection(ExtensibilityGlobals) = postSolution
		SolutionGuid = {34A87E6F-71C6-45D9-8DB8-07AB60CE2A20}
	EndGlobalSection
EndGlobal
